{
    "_meta": {
        "hash": {
            "sha256": "93fbff10f299f79bd9449eceeb33d7202114c86ef025330f743e63240a6df779"
        },
        "pipfile-spec": 6,
        "requires": {
            "python_version": "3"
        },
        "sources": [
            {
                "name": "pypi",
                "url": "https://pypi.org/simple",
                "verify_ssl": true
            }
        ]
    },
    "default": {
        "attrs": {
            "hashes": [
                "sha256:149e90d6d8ac20db7a955ad60cf0e6881a3f20d37096140088356da6c716b0b1",
                "sha256:ef6aaac3ca6cd92904cdd0d83f629a15f18053ec84e6432106f7a4d04ae4f5fb"
            ],
            "version": "==21.2.0"
        },
        "aws-cdk-aws-cognito": {
            "hashes": [
                "sha256:6e5716c44983b788317744f64ca5ec6717b34846e2bc8fede8dc1eaa54296806",
                "sha256:b6e4828fb044861607a082e4e66ba94c7fa2169cbdbeac551738d18ff597144d"
            ],
            "index": "pypi",
            "version": "==1.134.0"
        },
        "aws-cdk.assets": {
            "hashes": [
                "sha256:8426661dc328164cf32067eb77147f40ae30d4d50164f3c8560b46043723a7f9",
                "sha256:b73766a400e85196aa704430f2403ece009a2854be9571774aba14172f12ce07"
            ],
            "version": "==1.134.0"
        },
        "aws-cdk.aws-acmpca": {
            "hashes": [
                "sha256:35d90381348dd3f8ce1590174d23cbb4062af554800133d9a0889f9c27f3e83d",
                "sha256:f3f33169e8696a8d6265ac44f75c1f6bf825b9dcbe62a409225080a0f0d51079"
            ],
            "version": "==1.134.0"
        },
        "aws-cdk.aws-applicationautoscaling": {
            "hashes": [
                "sha256:2376132cbdc50348c3fe5cc72091e85aa9964ce50b5d44f5d8ac2de1fb2f213c",
                "sha256:aba533cc231ee11ac828a8260a0c59e9c6c5b0a260856cc737a6542854b006a1"
            ],
            "version": "==1.134.0"
        },
        "aws-cdk.aws-autoscaling-common": {
            "hashes": [
                "sha256:0f4b323aa05b17cd555056f4584ea399af9e9c6f0d980cf94dfe7754d40d62bb",
                "sha256:720e86c9f53eaa62421bc971a27aaaf64f6834c986402fa29f8f43e0eb8d8605"
            ],
            "version": "==1.134.0"
        },
        "aws-cdk.aws-certificatemanager": {
            "hashes": [
                "sha256:bd106e33a88ae8c42faa686862765fa8c3727226061280b5d3904b42df608eca",
                "sha256:cf2a1b74280cc0e35791f57f43b0a1ef2e436909918f5b7e5585b11c34502ace"
            ],
            "version": "==1.134.0"
        },
        "aws-cdk.aws-cloudformation": {
            "hashes": [
                "sha256:3e7b707c6ccae8c313968f29fefab681e84ec93be7e24cd0bb5b00e50f4cece7",
                "sha256:9dc339030f7a719bfebded55ac126bfaca85055a034a7e4ca829047b12e7aecf"
            ],
            "version": "==1.134.0"
        },
        "aws-cdk.aws-cloudwatch": {
            "hashes": [
                "sha256:b8d106b5588c8e84cf4458213b1e41da44cdc2f985ba09333d69dc9057011e2a",
                "sha256:e923078a9c1acb224b19b8cfdd3aa0cfa261fe0d77d488784ede8710a59eff7a"
            ],
            "version": "==1.134.0"
        },
        "aws-cdk.aws-codeguruprofiler": {
            "hashes": [
                "sha256:98d65ce69e9ec52f1478a379870d89f6d004b303fe6a580e38d2354875f09412",
                "sha256:d6361b7f5feabe99722bf1535ab5676c8ffb03e9ed50b05285822ef8c2586e0a"
            ],
            "version": "==1.134.0"
        },
        "aws-cdk.aws-codestarnotifications": {
            "hashes": [
                "sha256:21f6aaea4d767e8057f98eb9e20809768d5c6f19df73d141aa8b2a76fdfade79",
                "sha256:f21ccf8532d2478bbda892062e7b631cbbf20c039bdc2f5563a2de60326acaa9"
            ],
            "version": "==1.134.0"
        },
        "aws-cdk.aws-ec2": {
            "hashes": [
                "sha256:2c1ee95fc6c361702e71d6c9213082e45ef8fdf07653f801890be07097d4904f",
                "sha256:7f4420cb239aa9475d6eed7113c2a7cb43333efdfcd4e3718d02f6e1bf4dc7e0"
            ],
            "version": "==1.134.0"
        },
        "aws-cdk.aws-ecr": {
            "hashes": [
                "sha256:2e8ca29ea7980f8160b684d56f8909b80bd9da66ef97d66baaaecea93fb5b06e",
                "sha256:d0db41eb4e760d469cf6c85adef73b6530e11a69dd2ea04a01d178717b6f0f0f"
            ],
            "version": "==1.134.0"
        },
        "aws-cdk.aws-ecr-assets": {
            "hashes": [
                "sha256:ca03fa243a138428124b9a9dd8a4ea97dbcc688527862260819fef836d628245",
                "sha256:d9cd86753adcc605f8a5f6bb4bf8466f5b3b157911ba1d0a4629ef35fa4ff38f"
            ],
            "version": "==1.134.0"
        },
        "aws-cdk.aws-efs": {
            "hashes": [
                "sha256:2620899f7ed336d2a84e669d63aa21d78f0e6865a57584237ea6a6a4520ccdb9",
                "sha256:6bc5d260bd9b2f2f1af657073dc430b867afaf81bb905b15be2bb5d89126efb0"
            ],
            "version": "==1.134.0"
        },
        "aws-cdk.aws-events": {
            "hashes": [
                "sha256:94ecc80ac60e33b9e95b0b60ff2cfb6a44af61520068af491edcfb73f66bb624",
                "sha256:ec872950bf09d7e559307fc5b9b8de6b1e19b40836c6849af0e51ae8df1eb9ec"
            ],
            "version": "==1.134.0"
        },
        "aws-cdk.aws-iam": {
            "hashes": [
                "sha256:71bf83b7f4ee3ca941567e60e5691952fc8d38bf46b713425a25e342646d07c6",
                "sha256:9dbcb8cd84941912c51f2f638e6f8be47961bda46852e6b3d5fcb58f74897b6a"
            ],
            "version": "==1.134.0"
        },
        "aws-cdk.aws-kms": {
            "hashes": [
                "sha256:8a6127550bbce7bf33eba6c2125919dbb69a75ca25aece75e633ab2c50b6b2fe",
                "sha256:d825e8510b0439b8122a3bfb06e52cddccd117964ba9d70f6a8ff9d0403de5d5"
            ],
            "version": "==1.134.0"
        },
        "aws-cdk.aws-lambda": {
            "hashes": [
                "sha256:4592b69a22d277a347cc73a9219fb563409d2997ee0130b5cda398049b1a43a9",
                "sha256:81b188666a45de9aad7acd01d1f8fb261a2f33fbbe20714a4861f1ecc008b611"
            ],
            "version": "==1.134.0"
        },
        "aws-cdk.aws-logs": {
            "hashes": [
                "sha256:49111061d2b6d4b6e918a8bb9b855f10eecd6e5f801dfeecf00719d2fbf95251",
                "sha256:82667a00fc08b5a74380024615ba3a72e605bc64b22bdfdb712e302df02d76e5"
            ],
            "version": "==1.134.0"
        },
        "aws-cdk.aws-route53": {
            "hashes": [
                "sha256:3778893ac52d8b2857bbe74f253899f38ee9cd8b84e2a0c8527febc7fb304b17",
                "sha256:b845347b0f17e73adc0f852e397c7f27d636c6d5f6b17caa6acebb338f12ca1f"
            ],
            "version": "==1.134.0"
        },
        "aws-cdk.aws-s3": {
            "hashes": [
                "sha256:20d2eda2c48040881c697ac57e417bfae23de051caea7a101f204797c695a44e",
                "sha256:cde4e3ce439930cfb67976f16b6885a862afe402ec9322507e48cc334c1098ef"
            ],
            "version": "==1.134.0"
        },
        "aws-cdk.aws-s3-assets": {
            "hashes": [
                "sha256:5d6c84ec70c3bb41f4f4404a14be76f37cfded3525a60b81f16a0ba84e04ec15",
                "sha256:809a930756f67e85639ce8a6819c648fa27b907e64e3aeb2b416f6afc7535d2e"
            ],
            "version": "==1.134.0"
        },
        "aws-cdk.aws-signer": {
            "hashes": [
                "sha256:b168d9b7994b5072a05299c4d95ce471cb5549f95f5b99940e2f9eeed859fbe9",
                "sha256:b9922efb886b07a01ee247077ce45faec13e407e9e57418caf21dc8b6051efa4"
            ],
            "version": "==1.134.0"
        },
        "aws-cdk.aws-sns": {
            "hashes": [
                "sha256:5a3e777ccd5f79e33614df9088cf7670809f549e617270d4d16c181c7c3c139c",
                "sha256:c54768f9c5b39820af41c1ee17215fc7582729576ee3064b4de6ecb72f5a660c"
            ],
            "version": "==1.134.0"
        },
        "aws-cdk.aws-sqs": {
            "hashes": [
                "sha256:685e31c361095bf991b7ff6f7f18023c65d23861c9106473ddb7d19a3b24d3d9",
                "sha256:c433ac0368260ef6d54799f602a70d35447ed38ecdc5abddc639851719332b9a"
            ],
            "version": "==1.134.0"
        },
        "aws-cdk.aws-ssm": {
            "hashes": [
                "sha256:a45d2f73acc8abcf8a1c3bea41964c10a46a21069f71ceecbc4e600aa3d68564",
                "sha256:f33224ae1eb844264313f2711213b06a8caa9cab677e75425e9f9b541da65fae"
            ],
            "version": "==1.134.0"
        },
        "aws-cdk.cloud-assembly-schema": {
            "hashes": [
                "sha256:d222c30bdab2f67fd74106144946d7a02e8cec48c995ad1f2372b60c9167d906",
                "sha256:ecc201eb7d9cf019f13597e11eefc199333bb9b5fdbc6a24dcc8fe8a7fe28742"
            ],
            "version": "==1.134.0"
        },
        "aws-cdk.core": {
            "hashes": [
                "sha256:47410da01b81491c87925ad5a2b96d26d8cd8ba99892fcf196abd9c4c06a9a41",
                "sha256:9c720ae031d8623a79d17da8e8962d4213c7bb49c03fa982a8d96e9de316ffb6"
            ],
            "version": "==1.134.0"
        },
        "aws-cdk.custom-resources": {
            "hashes": [
                "sha256:9a1f12281d44a967370f258dba4d765d673edacbea950bb5dc10491c618f30ac",
                "sha256:ff2cedc1af63276ac1aa59368680ad282994ab8fc983a9520bd7cb0f93a64e3d"
            ],
            "version": "==1.134.0"
        },
        "aws-cdk.cx-api": {
            "hashes": [
                "sha256:7457536dbbad30e13a2d7d0fa6ab05a5728196e93296c8f62f85da22efffdf38",
                "sha256:ead270be5d02c7a0978ce802ff94f9fb14fec7861a03d42d259ae1bb22dcc431"
            ],
            "version": "==1.134.0"
        },
        "aws-cdk.region-info": {
            "hashes": [
                "sha256:4e90a7663affb30d1dfbcd3d7b3958417ee77175a583b39cfdddef6135f0a314",
                "sha256:5da9c1f82df20f3ad6b8f8ebda9b86794b7674f52e0246aedcc27d8e9d92a9a1"
            ],
            "version": "==1.134.0"
        },
        "cattrs": {
            "hashes": [
                "sha256:5c121ab06a7cac494813c228721a7feb5a6423b17316eeaebf13f5a03e5b0d53",
                "sha256:901fb2040529ae8fc9d93f48a2cdf7de3e983312ffb2a164ffa4e9847f253af1"
            ],
            "markers": "python_version >= '3.7'",
            "version": "==1.8.0"
        },
        "constructs": {
            "hashes": [
                "sha256:2fad47563d12580e1582c455fdc6a73e18cfdbe910c42def6c44755ed45d1e90",
                "sha256:c05c4bcb6168a92b5518e0cfb0e5728689e928f3f6b43535b64b83bae8b9d6aa"
            ],
            "version": "==3.3.162"
        },
        "jsii": {
            "hashes": [
                "sha256:76eb81dc3926e820f995e79b2c7320b804e9faa06fd56d93ac4f9a9ca92f44e0",
                "sha256:915a08d18318f369e687c5840d16bd8bc7012162145e390472215ea02e21e473"
            ],
            "version": "==1.47.0"
        },
        "publication": {
            "hashes": [
                "sha256:0248885351febc11d8a1098d5c8e3ab2dabcf3e8c0c96db1e17ecd12b53afbe6",
                "sha256:68416a0de76dddcdd2930d1c8ef853a743cc96c82416c4e4d3b5d901c6276dc4"
            ],
            "version": "==0.0.3"
        },
        "python-dateutil": {
            "hashes": [
                "sha256:0123cacc1627ae19ddf3c27a5de5bd67ee4586fbdd6440d9748f8abb483d3e86",
                "sha256:961d03dc3453ebbc59dbdea9e4e11c5651520a876d0f4db161e8674aae935da9"
            ],
            "version": "==2.8.2"
        },
        "six": {
            "hashes": [
                "sha256:1e61c37477a1626458e36f7b1d82aa5c9b094fa4802892072e49de9c60c4c926",
                "sha256:8abb2f1d86890a2dfb989f9a77cfcfd3e47c2a354b01111771326f8aa26e0254"
            ],
            "version": "==1.16.0"
        },
        "typing-extensions": {
            "hashes": [
                "sha256:4ca091dea149f945ec56afb48dae714f21e8692ef22a395223bcd328961b6a0e",
                "sha256:7f001e5ac290a0c0401508864c7ec868be4e701886d5b573a9528ed3973d9d3b"
            ],
            "version": "==4.0.1"
        }
    },
    "develop": {}
}
